
Microsoft Visual Studio Solution File, Format Version 12.00
Project("{2150E333-8FDC-42A3-9474-1A3956D46DE8}") = "OneWay", "OneWay", "{A1D2EB8A-21AC-4B07-A5F4-E683F2EC5CF0}"
EndProject
Project("{FAE04EC0-301F-11D3-BF4B-00C04F79EFBC}") = "Frontend", "OneWay\Frontend\Frontend.csproj", "{AF4E2BF9-BEF3-4564-8964-98B19B424046}"
EndProject
Project("{FAE04EC0-301F-11D3-BF4B-00C04F79EFBC}") = "Backend", "OneWay\Backend\Backend.csproj", "{92E521F8-0879-487F-863B-029B415C78C8}"
	ProjectSection(ProjectDependencies) = postProject
		{3E60AC56-3BCE-4DB7-85E6-4937DFFE0821} = {3E60AC56-3BCE-4DB7-85E6-4937DFFE0821}
	EndProjectSection
EndProject
Project("{2150E333-8FDC-42A3-9474-1A3956D46DE8}") = "RevitAddin", "RevitAddin", "{44C69804-0143-40D0-81A9-7BFB7276C36B}"
EndProject
Project("{FAE04EC0-301F-11D3-BF4B-00C04F79EFBC}") = "Backend", "RevitAddin\Backend\Backend.csproj", "{3E60AC56-3BCE-4DB7-85E6-4937DFFE0821}"
EndProject
Project("{2150E333-8FDC-42A3-9474-1A3956D46DE8}") = "TwoWay", "TwoWay", "{FC10CE8B-5543-4BA6-A6B1-56B85A7E767D}"
EndProject
Project("{FAE04EC0-301F-11D3-BF4B-00C04F79EFBC}") = "Backend", "TwoWay\Backend\Backend.csproj", "{7E39FB4D-A2E5-4263-8AF6-80ED3742DFC1}"
EndProject
Project("{FAE04EC0-301F-11D3-BF4B-00C04F79EFBC}") = "Frontend", "TwoWay\Frontend\Frontend.csproj", "{8569F49B-02BA-4E79-8E63-CD2DB65E5CD3}"
EndProject
Project("{FAE04EC0-301F-11D3-BF4B-00C04F79EFBC}") = "Frontend", "RevitAddin\Frontend\Frontend.csproj", "{F733DE14-BFC0-429F-A7AF-CFF63064B7B1}"
EndProject
Global
	GlobalSection(SolutionConfigurationPlatforms) = preSolution
		Debug|Any CPU = Debug|Any CPU
		Release|Any CPU = Release|Any CPU
	EndGlobalSection
	GlobalSection(ProjectConfigurationPlatforms) = postSolution
		{92E521F8-0879-487F-863B-029B415C78C8}.Debug|Any CPU.ActiveCfg = Debug|Any CPU
		{92E521F8-0879-487F-863B-029B415C78C8}.Debug|Any CPU.Build.0 = Debug|Any CPU
		{92E521F8-0879-487F-863B-029B415C78C8}.Release|Any CPU.ActiveCfg = Release|Any CPU
		{92E521F8-0879-487F-863B-029B415C78C8}.Release|Any CPU.Build.0 = Release|Any CPU
		{AF4E2BF9-BEF3-4564-8964-98B19B424046}.Debug|Any CPU.ActiveCfg = Debug|Any CPU
		{AF4E2BF9-BEF3-4564-8964-98B19B424046}.Debug|Any CPU.Build.0 = Debug|Any CPU
		{AF4E2BF9-BEF3-4564-8964-98B19B424046}.Release|Any CPU.ActiveCfg = Release|Any CPU
		{AF4E2BF9-BEF3-4564-8964-98B19B424046}.Release|Any CPU.Build.0 = Release|Any CPU
		{3E60AC56-3BCE-4DB7-85E6-4937DFFE0821}.Debug|Any CPU.ActiveCfg = Debug R20|Any CPU
		{3E60AC56-3BCE-4DB7-85E6-4937DFFE0821}.Debug|Any CPU.Build.0 = Debug R20|Any CPU
		{3E60AC56-3BCE-4DB7-85E6-4937DFFE0821}.Release|Any CPU.ActiveCfg = Debug R20|Any CPU
		{3E60AC56-3BCE-4DB7-85E6-4937DFFE0821}.Release|Any CPU.Build.0 = Debug R20|Any CPU
		{7E39FB4D-A2E5-4263-8AF6-80ED3742DFC1}.Debug|Any CPU.ActiveCfg = Debug|Any CPU
		{7E39FB4D-A2E5-4263-8AF6-80ED3742DFC1}.Debug|Any CPU.Build.0 = Debug|Any CPU
		{7E39FB4D-A2E5-4263-8AF6-80ED3742DFC1}.Release|Any CPU.ActiveCfg = Release|Any CPU
		{7E39FB4D-A2E5-4263-8AF6-80ED3742DFC1}.Release|Any CPU.Build.0 = Release|Any CPU
		{8569F49B-02BA-4E79-8E63-CD2DB65E5CD3}.Debug|Any CPU.ActiveCfg = Debug|Any CPU
		{8569F49B-02BA-4E79-8E63-CD2DB65E5CD3}.Debug|Any CPU.Build.0 = Debug|Any CPU
		{8569F49B-02BA-4E79-8E63-CD2DB65E5CD3}.Release|Any CPU.ActiveCfg = Release|Any CPU
		{8569F49B-02BA-4E79-8E63-CD2DB65E5CD3}.Release|Any CPU.Build.0 = Release|Any CPU
		{F733DE14-BFC0-429F-A7AF-CFF63064B7B1}.Debug|Any CPU.ActiveCfg = Debug|Any CPU
		{F733DE14-BFC0-429F-A7AF-CFF63064B7B1}.Debug|Any CPU.Build.0 = Debug|Any CPU
		{F733DE14-BFC0-429F-A7AF-CFF63064B7B1}.Release|Any CPU.ActiveCfg = Release|Any CPU
		{F733DE14-BFC0-429F-A7AF-CFF63064B7B1}.Release|Any CPU.Build.0 = Release|Any CPU
	EndGlobalSection
	GlobalSection(NestedProjects) = preSolution
		{92E521F8-0879-487F-863B-029B415C78C8} = {A1D2EB8A-21AC-4B07-A5F4-E683F2EC5CF0}
		{AF4E2BF9-BEF3-4564-8964-98B19B424046} = {A1D2EB8A-21AC-4B07-A5F4-E683F2EC5CF0}
		{3E60AC56-3BCE-4DB7-85E6-4937DFFE0821} = {44C69804-0143-40D0-81A9-7BFB7276C36B}
		{7E39FB4D-A2E5-4263-8AF6-80ED3742DFC1} = {FC10CE8B-5543-4BA6-A6B1-56B85A7E767D}
		{8569F49B-02BA-4E79-8E63-CD2DB65E5CD3} = {FC10CE8B-5543-4BA6-A6B1-56B85A7E767D}
		{F733DE14-BFC0-429F-A7AF-CFF63064B7B1} = {44C69804-0143-40D0-81A9-7BFB7276C36B}
	EndGlobalSection
EndGlobal
